# @generated - this file is auto-generated by `mise lock` https://mise.jdx.dev/dev-tools/mise-lock.html

[[tools.aube]]
version = "1.38.0"
backend = "aqua:jdx/aube"

[tools.aube."platforms.linux-arm64"]
checksum = "sha256:a7e2f83d2ab0d539a448a7ad5620b3989c9257d2cf77ca549343dfbd07785fc5"
url = "https://github.com/jdx/aube/releases/download/v1.38.0/aube-v1.38.0-aarch64-unknown-linux-gnu.tar.gz"
url_api = "https://api.github.com/repos/jdx/aube/releases/assets/505390654"
provenance = "github-attestations"

[tools.aube."platforms.linux-arm64-musl"]
checksum = "sha256:3f9bbc4fbf8ef701f1fb64b31b009eaa9dfe93b9d2aa80da3e60af220e0cceec"
url = "https://github.com/jdx/aube/releases/download/v1.38.0/aube-v1.38.0-aarch64-unknown-linux-musl.tar.gz"
url_api = "https://api.github.com/repos/jdx/aube/releases/assets/505357326"
provenance = "github-attestations"

[tools.aube."platforms.linux-x64"]
checksum = "sha256:3e027b1e3acb071b76f4ccb4c0714c28a0caedcb1b3c4417f9c150c5445f9832"
url = "https://github.com/jdx/aube/releases/download/v1.38.0/aube-v1.38.0-x86_64-unknown-linux-gnu.tar.gz"
url_api = "https://api.github.com/repos/jdx/aube/releases/assets/505365949"
provenance = "github-attestations"

[tools.aube."platforms.linux-x64-baseline"]
checksum = "sha256:3e027b1e3acb071b76f4ccb4c0714c28a0caedcb1b3c4417f9c150c5445f9832"
url = "https://github.com/jdx/aube/releases/download/v1.38.0/aube-v1.38.0-x86_64-unknown-linux-gnu.tar.gz"
url_api = "https://api.github.com/repos/jdx/aube/releases/assets/505365949"
provenance = "github-attestations"

[tools.aube."platforms.linux-x64-musl"]
checksum = "sha256:a08426a51c7947910999ed9a1c01371a2e6fb10562b66b7e146060de48e0cc58"
url = "https://github.com/jdx/aube/releases/download/v1.38.0/aube-v1.38.0-x86_64-unknown-linux-musl.tar.gz"
url_api = "https://api.github.com/repos/jdx/aube/releases/assets/505366031"
provenance = "github-attestations"

[tools.aube."platforms.linux-x64-musl-baseline"]
checksum = "sha256:a08426a51c7947910999ed9a1c01371a2e6fb10562b66b7e146060de48e0cc58"
url = "https://github.com/jdx/aube/releases/download/v1.38.0/aube-v1.38.0-x86_64-unknown-linux-musl.tar.gz"
url_api = "https://api.github.com/repos/jdx/aube/releases/assets/505366031"
provenance = "github-attestations"

[tools.aube."platforms.macos-arm64"]
checksum = "sha256:d1a2d56a3958ac4783c1f91d99421c9d4960fc61adfd7c7bff620d4c97258741"
url = "https://github.com/jdx/aube/releases/download/v1.38.0/aube-v1.38.0-aarch64-apple-darwin.tar.gz"
url_api = "https://api.github.com/repos/jdx/aube/releases/assets/505460266"
provenance = "github-attestations"

[tools.aube."platforms.windows-x64"]
checksum = "sha256:fb4d6480aa592d29ae0db513f0f54a6dd666fd2675d476a231b59a5422acabd7"
url = "https://github.com/jdx/aube/releases/download/v1.38.0/aube-v1.38.0-x86_64-pc-windows-msvc.zip"
url_api = "https://api.github.com/repos/jdx/aube/releases/assets/505375804"
provenance = "github-attestations"

[tools.aube."platforms.windows-x64-baseline"]
checksum = "sha256:fb4d6480aa592d29ae0db513f0f54a6dd666fd2675d476a231b59a5422acabd7"
url = "https://github.com/jdx/aube/releases/download/v1.38.0/aube-v1.38.0-x86_64-pc-windows-msvc.zip"
url_api = "https://api.github.com/repos/jdx/aube/releases/assets/505375804"
provenance = "github-attestations"

[[tools.bun]]
version = "1.3.10"
backend = "core:bun"

[tools.bun."platforms.linux-arm64"]
checksum = "sha256:fa5ecb25cafa8e8f5c87a0f833719d46dd0af0a86c7837d806531212d55636d3"
url = "https://github.com/oven-sh/bun/releases/download/bun-v1.3.10/bun-linux-aarch64.zip"

[tools.bun."platforms.linux-arm64-musl"]
checksum = "sha256:d2c81365a2e529b78a42330d3a0056e8dbd7896b4a6782c8e392b6532141e34d"
url = "https://github.com/oven-sh/bun/releases/download/bun-v1.3.10/bun-linux-aarch64-musl.zip"

[tools.bun."platforms.linux-x64"]
checksum = "sha256:f57bc0187e39623de716ba3a389fda5486b2d7be7131a980ba54dc7b733d2e08"
url = "https://github.com/oven-sh/bun/releases/download/bun-v1.3.10/bun-linux-x64.zip"

[tools.bun."platforms.linux-x64-baseline"]
checksum = "sha256:41201a8c5ee74a9dcbb1ce25a1104f1f929838b57a845aa78d98379b0ce7cde2"
url = "https://github.com/oven-sh/bun/releases/download/bun-v1.3.10/bun-linux-x64-baseline.zip"

[tools.bun."platforms.linux-x64-musl"]
checksum = "sha256:48a6c32277d343db0148ce066336472ffd380358a4d26bb1329714742492d824"
url = "https://github.com/oven-sh/bun/releases/download/bun-v1.3.10/bun-linux-x64-musl.zip"

[tools.bun."platforms.linux-x64-musl-baseline"]
checksum = "sha256:a7bc4cdea1ef255a83adbf39c7aafcd30e09f2b8f74deec4b10ee318bc024d1f"
url = "https://github.com/oven-sh/bun/releases/download/bun-v1.3.10/bun-linux-x64-musl-baseline.zip"

[tools.bun."platforms.macos-arm64"]
checksum = "sha256:82034e87c9d9b4398ea619aee2eed5d2a68c8157e9a6ae2d1052d84d533ccd8d"
url = "https://github.com/oven-sh/bun/releases/download/bun-v1.3.10/bun-darwin-aarch64.zip"

[tools.bun."platforms.macos-x64"]
checksum = "sha256:c1d90bf6140f20e572c473065dc6b37a4b036349b5e9e4133779cc642ad94323"
url = "https://github.com/oven-sh/bun/releases/download/bun-v1.3.10/bun-darwin-x64.zip"

[tools.bun."platforms.macos-x64-baseline"]
checksum = "sha256:f9686c4e4e760db4cde77a0f1fad05e552648b9c9cbfa4f7fc9a7ec26b9f3267"
url = "https://github.com/oven-sh/bun/releases/download/bun-v1.3.10/bun-darwin-x64-baseline.zip"

[tools.bun."platforms.windows-x64"]
checksum = "sha256:7a77b3e245e2e26965c93089a4a1332e8a326d3364c89fae1d1fd99cdd3cd73d"
url = "https://github.com/oven-sh/bun/releases/download/bun-v1.3.10/bun-windows-x64.zip"

[tools.bun."platforms.windows-x64-baseline"]
checksum = "sha256:715709c69b176e20994533d3292bd0b7c32de9c0c5575b916746ec6b2aa38346"
url = "https://github.com/oven-sh/bun/releases/download/bun-v1.3.10/bun-windows-x64-baseline.zip"

[[tools.node]]
version = "24.10.0"
backend = "core:node"

[tools.node."platforms.linux-arm64"]
checksum = "sha256:42776dfc722991b1ac9f302f3d7b5cf989cf7aca519b479c50e59f0663803b73"
url = "https://nodejs.org/dist/v24.10.0/node-v24.10.0-linux-arm64.tar.gz"

[tools.node."platforms.linux-arm64-musl"]
checksum = "sha256:057d95aa80ddbfc45695c945642d2a6512d8e0f7340fe7cdbefe770c77e6587d"
url = "https://unofficial-builds.nodejs.org/download/release/v24.10.0/node-v24.10.0-linux-arm64-musl.tar.gz"

[tools.node."platforms.linux-x64"]
checksum = "sha256:2b03c5417ce0b1076780df00e01da373bead3b4b80d1c78c1ad10ee7b918d90c"
url = "https://nodejs.org/dist/v24.10.0/node-v24.10.0-linux-x64.tar.gz"

[tools.node."platforms.linux-x64-baseline"]
checksum = "sha256:2b03c5417ce0b1076780df00e01da373bead3b4b80d1c78c1ad10ee7b918d90c"
url = "https://nodejs.org/dist/v24.10.0/node-v24.10.0-linux-x64.tar.gz"

[tools.node."platforms.linux-x64-musl"]
checksum = "sha256:58bc6f01764d86afe3c57cff1da97775187fcbdf3416953534b4e1def6158b19"
url = "https://unofficial-builds.nodejs.org/download/release/v24.10.0/node-v24.10.0-linux-x64-musl.tar.gz"

[tools.node."platforms.linux-x64-musl-baseline"]
checksum = "sha256:58bc6f01764d86afe3c57cff1da97775187fcbdf3416953534b4e1def6158b19"
url = "https://unofficial-builds.nodejs.org/download/release/v24.10.0/node-v24.10.0-linux-x64-musl.tar.gz"

[tools.node."platforms.macos-arm64"]
checksum = "sha256:fbc3d6e1e1d962450d058e918214373872cc4c46e08673f31c35932afac4a8c5"
url = "https://nodejs.org/dist/v24.10.0/node-v24.10.0-darwin-arm64.tar.gz"

[tools.node."platforms.macos-x64"]
checksum = "sha256:627b884f66db0dd35f4b46fb9e994774ce560a7fb60798ba1ab81e867a73687d"
url = "https://nodejs.org/dist/v24.10.0/node-v24.10.0-darwin-x64.tar.gz"

[tools.node."platforms.macos-x64-baseline"]
checksum = "sha256:627b884f66db0dd35f4b46fb9e994774ce560a7fb60798ba1ab81e867a73687d"
url = "https://nodejs.org/dist/v24.10.0/node-v24.10.0-darwin-x64.tar.gz"

[tools.node."platforms.windows-x64"]
checksum = "sha256:adc1a2d5ca79c92e94f3a58c3ec0efa76bdb488769ba4d4b50990e4c84896060"
url = "https://nodejs.org/dist/v24.10.0/node-v24.10.0-win-x64.zip"

[tools.node."platforms.windows-x64-baseline"]
checksum = "sha256:adc1a2d5ca79c92e94f3a58c3ec0efa76bdb488769ba4d4b50990e4c84896060"
url = "https://nodejs.org/dist/v24.10.0/node-v24.10.0-win-x64.zip"

[[tools.nub]]
version = "0.6.0"
backend = "npm:@nubjs/nub"

[tools.nub.options]
allow_builds = '["@nubjs/nub"]'

[[tools.pnpm]]
version = "11.7.0"
backend = "aqua:pnpm/pnpm"

[tools.pnpm."platforms.linux-arm64"]
checksum = "sha256:a110731cf0f46cf89eb5659b42c9f5c3a2361d30087e2eed921c8378b1fe64a0"
url = "https://github.com/pnpm/pnpm/releases/download/v11.7.0/pnpm-linux-arm64.tar.gz"
url_api = "https://api.github.com/repos/pnpm/pnpm/releases/assets/447914122"
provenance = "github-attestations"

[tools.pnpm."platforms.linux-arm64-musl"]
checksum = "sha256:9c82a83d0fa6dbcd4757f7846f20e73f77d451d6282b32602d9f933b5e2f4052"
url = "https://github.com/pnpm/pnpm/releases/download/v11.7.0/pnpm-linux-arm64-musl.tar.gz"
url_api = "https://api.github.com/repos/pnpm/pnpm/releases/assets/447914118"
provenance = "github-attestations"

[tools.pnpm."platforms.linux-x64"]
checksum = "sha256:752e31654c6f24bc945db784d12831b80b29f533b43105575ce30dd3c8658609"
url = "https://github.com/pnpm/pnpm/releases/download/v11.7.0/pnpm-linux-x64.tar.gz"
url_api = "https://api.github.com/repos/pnpm/pnpm/releases/assets/447914120"
provenance = "github-attestations"

[tools.pnpm."platforms.linux-x64-baseline"]
checksum = "sha256:752e31654c6f24bc945db784d12831b80b29f533b43105575ce30dd3c8658609"
url = "https://github.com/pnpm/pnpm/releases/download/v11.7.0/pnpm-linux-x64.tar.gz"
url_api = "https://api.github.com/repos/pnpm/pnpm/releases/assets/447914120"
provenance = "github-attestations"

[tools.pnpm."platforms.linux-x64-musl"]
checksum = "sha256:6fa3052e350a1aceeeac90c9f9b59ed048312cab04b34c0472b018e71b243885"
url = "https://github.com/pnpm/pnpm/releases/download/v11.7.0/pnpm-linux-x64-musl.tar.gz"
url_api = "https://api.github.com/repos/pnpm/pnpm/releases/assets/447914117"
provenance = "github-attestations"

[tools.pnpm."platforms.linux-x64-musl-baseline"]
checksum = "sha256:6fa3052e350a1aceeeac90c9f9b59ed048312cab04b34c0472b018e71b243885"
url = "https://github.com/pnpm/pnpm/releases/download/v11.7.0/pnpm-linux-x64-musl.tar.gz"
url_api = "https://api.github.com/repos/pnpm/pnpm/releases/assets/447914117"
provenance = "github-attestations"

[tools.pnpm."platforms.macos-arm64"]
checksum = "sha256:97d077cca1225ae6ab492e5b6d0e6737ab7149c34813e70f25f67c6c2bf274a2"
url = "https://github.com/pnpm/pnpm/releases/download/v11.7.0/pnpm-darwin-arm64.tar.gz"
url_api = "https://api.github.com/repos/pnpm/pnpm/releases/assets/447914124"
provenance = "github-attestations"

[tools.pnpm."platforms.windows-x64"]
checksum = "sha256:08acc088646c1dbf3030984918266058d23c5acf4c518dc7502bd539fc99c280"
url = "https://github.com/pnpm/pnpm/releases/download/v11.7.0/pnpm-win32-x64.zip"
url_api = "https://api.github.com/repos/pnpm/pnpm/releases/assets/447914123"
provenance = "github-attestations"

[tools.pnpm."platforms.windows-x64-baseline"]
checksum = "sha256:08acc088646c1dbf3030984918266058d23c5acf4c518dc7502bd539fc99c280"
url = "https://github.com/pnpm/pnpm/releases/download/v11.7.0/pnpm-win32-x64.zip"
url_api = "https://api.github.com/repos/pnpm/pnpm/releases/assets/447914123"
provenance = "github-attestations"
